<Solution>
  <Folder Name="/plugins/" />
  <Folder Name="/plugins/Sample/">
    <Project Path="plugins/Sample/RemoteCommerce.SamplePlugin/Plugin.csproj" />
  </Folder>
  <Folder Name="/src/">
    <Project Path="src/RemoteCommerce.Plugin.Abstractions/RemoteCommerce.Plugin.Abstractions.csproj" />
  </Folder>
</Solution>
